<Solution>
  <Folder Name="/1.Web/">
    <Project Path="Agenda-Web/Agenda-Web.csproj" />
  </Folder>
  <Folder Name="/2.Business/">
    <Project Path="Business/Business.csproj" />
  </Folder>
  <Folder Name="/3.Data/">
    <Project Path="Data/Data.csproj" />
  </Folder>
  <Folder Name="/4.Entity/">
    <Project Path="Entity/Entity.csproj" />
  </Folder>
  <Folder Name="/5.Shared/">
    <Project Path="Shared/Shared.csproj" />
  </Folder>
</Solution>
